# This file was autogenerated by uv via the following command:
#    uv pip compile .devcontainer/requirements-dev.in --output-file .devcontainer/requirements-dev.lock --python-version 3.10 --universal --no-annotate
colorama==0.4.6 ; sys_platform == 'win32'
contourpy==1.3.2 ; python_full_version < '3.11'
contourpy==1.3.3 ; python_full_version >= '3.11'
cycler==0.12.1
exceptiongroup==1.3.1 ; python_full_version < '3.11'
fastcrc==0.5.0
fonttools==4.65.0 ; python_full_version < '3.11'
fonttools==4.66.0 ; python_full_version >= '3.11'
iniconfig==2.3.0
kiwisolver==1.5.1
lxml==6.1.3
matplotlib==3.10.9
numpy==1.26.4
packaging==26.3
pillow==12.3.0
pluggy==1.6.0
pygments==2.21.0
pymavlink==2.4.49
pyparsing==3.3.3
pyserial==3.5
pytest==8.4.2
python-dateutil==2.9.0.post0
pyyaml==6.0.2
shapely==2.1.1
six==1.17.0
tomli==2.2.1
typing-extensions==4.16.0 ; python_full_version < '3.11'
